
Microsoft Visual Studio Solution File, Format Version 12.00
# Visual Studio Version 17
VisualStudioVersion = 17.1.32228.430
MinimumVisualStudioVersion = 10.0.40219.1
Project("{8BC9CEB8-8B4A-11D0-8D11-00A0C91BC942}") = "grapalib", "grapalib.vcxproj", "{5DBDE658-18DF-4897-81B5-E3E85133CF4D}"
EndProject
Global
	GlobalSection(SolutionConfigurationPlatforms) = preSolution
		Debug|x64 = Debug|x64
		Debug|x86 = Debug|x86
		Release|x64 = Release|x64
		Release|x86 = Release|x86
	EndGlobalSection
	GlobalSection(ProjectConfigurationPlatforms) = postSolution
		{5DBDE658-18DF-4897-81B5-E3E85133CF4D}.Debug|x64.ActiveCfg = Debug|x64
		{5DBDE658-18DF-4897-81B5-E3E85133CF4D}.Debug|x64.Build.0 = Debug|x64
		{5DBDE658-18DF-4897-81B5-E3E85133CF4D}.Debug|x86.ActiveCfg = Debug|Win32
		{5DBDE658-18DF-4897-81B5-E3E85133CF4D}.Debug|x86.Build.0 = Debug|Win32
		{5DBDE658-18DF-4897-81B5-E3E85133CF4D}.Release|x64.ActiveCfg = Release|x64
		{5DBDE658-18DF-4897-81B5-E3E85133CF4D}.Release|x64.Build.0 = Release|x64
		{5DBDE658-18DF-4897-81B5-E3E85133CF4D}.Release|x86.ActiveCfg = Release|Win32
		{5DBDE658-18DF-4897-81B5-E3E85133CF4D}.Release|x86.Build.0 = Release|Win32
	EndGlobalSection
	GlobalSection(SolutionProperties) = preSolution
		HideSolutionNode = FALSE
	EndGlobalSection
	GlobalSection(ExtensibilityGlobals) = postSolution
		SolutionGuid = {D449FDD9-0C1F-43FA-B357-6E767F3B044D}
	EndGlobalSection
EndGlobal
